
Microsoft Visual Studio Solution File, Format Version 12.00
# Visual Studio Version 17
VisualStudioVersion = 17.3.32922.545
MinimumVisualStudioVersion = 10.0.40219.1
Project("{9A19103F-16F7-4668-BE54-9A1E7A4F7556}") = "Scanner", "Source\Scanner.csproj", "{A1B75B62-5F43-4614-A965-DC88DFC4BF60}"
EndProject
Project("{9A19103F-16F7-4668-BE54-9A1E7A4F7556}") = "Scanner.Examples", "Examples\Scanner.Examples.csproj", "{1DE37150-4C28-4613-BF6B-EB002308FF50}"
EndProject
Global
	GlobalSection(SolutionConfigurationPlatforms) = preSolution
		Debug|Any CPU = Debug|Any CPU
		Release|Any CPU = Release|Any CPU
	EndGlobalSection
	GlobalSection(ProjectConfigurationPlatforms) = postSolution
		{A1B75B62-5F43-4614-A965-DC88DFC4BF60}.Debug|Any CPU.ActiveCfg = Debug|Any CPU
		{A1B75B62-5F43-4614-A965-DC88DFC4BF60}.Debug|Any CPU.Build.0 = Debug|Any CPU
		{A1B75B62-5F43-4614-A965-DC88DFC4BF60}.Release|Any CPU.ActiveCfg = Release|Any CPU
		{A1B75B62-5F43-4614-A965-DC88DFC4BF60}.Release|Any CPU.Build.0 = Release|Any CPU
		{1DE37150-4C28-4613-BF6B-EB002308FF50}.Debug|Any CPU.ActiveCfg = Debug|Any CPU
		{1DE37150-4C28-4613-BF6B-EB002308FF50}.Debug|Any CPU.Build.0 = Debug|Any CPU
		{1DE37150-4C28-4613-BF6B-EB002308FF50}.Release|Any CPU.ActiveCfg = Release|Any CPU
		{1DE37150-4C28-4613-BF6B-EB002308FF50}.Release|Any CPU.Build.0 = Release|Any CPU
	EndGlobalSection
	GlobalSection(SolutionProperties) = preSolution
		HideSolutionNode = FALSE
	EndGlobalSection
	GlobalSection(ExtensibilityGlobals) = postSolution
		SolutionGuid = {867A89AF-51A1-4157-8D49-DB381B136D1B}
	EndGlobalSection
EndGlobal
